
Microsoft Visual Studio Solution File, Format Version 12.00
# Visual Studio 15
VisualStudioVersion = 15.0.28307.168
MinimumVisualStudioVersion = 10.0.40219.1
Project("{8BC9CEB8-8B4A-11D0-8D11-00A0C91BC942}") = "GradientSlider", "GradientSlider\GradientSlider.vcxproj", "{0398638C-2F71-4684-8033-513F63BEFDB1}"
EndProject
Project("{8BC9CEB8-8B4A-11D0-8D11-00A0C91BC942}") = "A3D", "A3D\A3D.vcxproj", "{96408957-17D2-46FC-9DEA-FFDA61D87924}"
EndProject
Project("{8BC9CEB8-8B4A-11D0-8D11-00A0C91BC942}") = "ADX11", "ADX11\ADX11.vcxproj", "{DE1A9A1F-ECDD-4D78-A959-02450DB40806}"
	ProjectSection(ProjectDependencies) = postProject
		{96408957-17D2-46FC-9DEA-FFDA61D87924} = {96408957-17D2-46FC-9DEA-FFDA61D87924}
	EndProjectSection
EndProject
Global
	GlobalSection(SolutionConfigurationPlatforms) = preSolution
		Debug|x64 = Debug|x64
		Release|x64 = Release|x64
	EndGlobalSection
	GlobalSection(ProjectConfigurationPlatforms) = postSolution
		{0398638C-2F71-4684-8033-513F63BEFDB1}.Debug|x64.ActiveCfg = Debug|x64
		{0398638C-2F71-4684-8033-513F63BEFDB1}.Debug|x64.Build.0 = Debug|x64
		{0398638C-2F71-4684-8033-513F63BEFDB1}.Release|x64.ActiveCfg = Release|x64
		{0398638C-2F71-4684-8033-513F63BEFDB1}.Release|x64.Build.0 = Release|x64
		{96408957-17D2-46FC-9DEA-FFDA61D87924}.Debug|x64.ActiveCfg = Debug|x64
		{96408957-17D2-46FC-9DEA-FFDA61D87924}.Debug|x64.Build.0 = Debug|x64
		{96408957-17D2-46FC-9DEA-FFDA61D87924}.Release|x64.ActiveCfg = Release|x64
		{96408957-17D2-46FC-9DEA-FFDA61D87924}.Release|x64.Build.0 = Release|x64
		{DE1A9A1F-ECDD-4D78-A959-02450DB40806}.Debug|x64.ActiveCfg = Debug|x64
		{DE1A9A1F-ECDD-4D78-A959-02450DB40806}.Debug|x64.Build.0 = Debug|x64
		{DE1A9A1F-ECDD-4D78-A959-02450DB40806}.Release|x64.ActiveCfg = Release|x64
		{DE1A9A1F-ECDD-4D78-A959-02450DB40806}.Release|x64.Build.0 = Release|x64
	EndGlobalSection
	GlobalSection(SolutionProperties) = preSolution
		HideSolutionNode = FALSE
	EndGlobalSection
	GlobalSection(ExtensibilityGlobals) = postSolution
		SolutionGuid = {CECC1241-63E5-40DC-BA4F-D83CC6AD1D71}
	EndGlobalSection
EndGlobal
