<?xml version="1.0" encoding="utf-8"?>
<Project ToolsVersion="4.0" xmlns="http://schemas.microsoft.com/developer/msbuild/2003">
  <ItemGroup>
    <Filter Include="Source Files">
      <UniqueIdentifier>{4FC737F1-C7A5-4376-A066-2A32D752A2FF}</UniqueIdentifier>
      <Extensions>cpp;c;cc;cxx;def;odl;idl;hpj;bat;asm;asmx</Extensions>
    </Filter>
    <Filter Include="Header Files">
      <UniqueIdentifier>{93995380-89BD-4b04-88EB-625FBE52EBFB}</UniqueIdentifier>
      <Extensions>h;hh;hpp;hxx;hm;inl;inc;ipp;xsd</Extensions>
    </Filter>
    <Filter Include="Resource Files">
      <UniqueIdentifier>{67DA6AB6-F800-4c08-8B7A-83BB121AAD01}</UniqueIdentifier>
      <Extensions>rc;ico;cur;bmp;dlg;rc2;rct;bin;rgs;gif;jpg;jpeg;jpe;resx;tiff;tif;png;wav;mfcribbon-ms</Extensions>
    </Filter>
  </ItemGroup>
  <ItemGroup>
    <ClCompile Include="Src\A3DPI.cpp">
      <Filter>Source Files</Filter>
    </ClCompile>
    <ClCompile Include="Src\AFI.cpp">
      <Filter>Source Files</Filter>
    </ClCompile>
    <ClCompile Include="Src\AMemory.cpp">
      <Filter>Source Files</Filter>
    </ClCompile>
    <ClCompile Include="Src\AString.cpp">
      <Filter>Source Files</Filter>
    </ClCompile>
    <ClCompile Include="Src\AThreadFactory.cpp">
      <Filter>Source Files</Filter>
    </ClCompile>
    <ClCompile Include="Src\AWinSysThreadCommon.cpp">
      <Filter>Source Files</Filter>
    </ClCompile>
    <ClCompile Include="Src\AXAssist.cpp">
      <Filter>Source Files</Filter>
    </ClCompile>
    <ClCompile Include="Src\AXCamera.cpp">
      <Filter>Source Files</Filter>
    </ClCompile>
    <ClCompile Include="Src\AXCameraBase.cpp">
      <Filter>Source Files</Filter>
    </ClCompile>
    <ClCompile Include="Src\AXCollision.cpp">
      <Filter>Source Files</Filter>
    </ClCompile>
    <ClCompile Include="Src\AXFrustum.cpp">
      <Filter>Source Files</Filter>
    </ClCompile>
    <ClCompile Include="Src\AXFuncs.cpp">
      <Filter>Source Files</Filter>
    </ClCompile>
    <ClCompile Include="Src\AXGeometry.cpp">
      <Filter>Source Files</Filter>
    </ClCompile>
    <ClCompile Include="Src\AXMatrix.cpp">
      <Filter>Source Files</Filter>
    </ClCompile>
    <ClCompile Include="Src\AXMLArchive.cpp">
      <Filter>Source Files</Filter>
    </ClCompile>
    <ClCompile Include="Src\AXOrthoCamera.cpp">
      <Filter>Source Files</Filter>
    </ClCompile>
    <ClCompile Include="Src\AXViewport.cpp">
      <Filter>Source Files</Filter>
    </ClCompile>
    <ClCompile Include="Src\tinyxml2.cpp">
      <Filter>Source Files</Filter>
    </ClCompile>
    <ClCompile Include="Src\AFileWrapper.cpp">
      <Filter>Source Files</Filter>
    </ClCompile>
    <ClCompile Include="Src\ALog.cpp">
      <Filter>Source Files</Filter>
    </ClCompile>
  </ItemGroup>
  <ItemGroup>
    <ClInclude Include="Include\A3DMacros.h">
      <Filter>Header Files</Filter>
    </ClInclude>
    <ClInclude Include="Include\AFI.h">
      <Filter>Header Files</Filter>
    </ClInclude>
    <ClInclude Include="Include\AFileWrapper.h">
      <Filter>Header Files</Filter>
    </ClInclude>
    <ClInclude Include="Include\AMemBase.h">
      <Filter>Header Files</Filter>
    </ClInclude>
    <ClInclude Include="Include\AMemory.h">
      <Filter>Header Files</Filter>
    </ClInclude>
    <ClInclude Include="Include\APoint.h">
      <Filter>Header Files</Filter>
    </ClInclude>
    <ClInclude Include="Include\ARawThread.h">
      <Filter>Header Files</Filter>
    </ClInclude>
    <ClInclude Include="Include\ARect.h">
      <Filter>Header Files</Filter>
    </ClInclude>
    <ClInclude Include="Include\AString.h">
      <Filter>Header Files</Filter>
    </ClInclude>
    <ClInclude Include="Include\ASysThreadCommon.h">
      <Filter>Header Files</Filter>
    </ClInclude>
    <ClInclude Include="Include\ATempMemBuffer.h">
      <Filter>Header Files</Filter>
    </ClInclude>
    <ClInclude Include="Include\AThreadFactory.h">
      <Filter>Header Files</Filter>
    </ClInclude>
    <ClInclude Include="Include\ATypes.h">
      <Filter>Header Files</Filter>
    </ClInclude>
    <ClInclude Include="Include\AWinSysThreadCommon.h">
      <Filter>Header Files</Filter>
    </ClInclude>
    <ClInclude Include="Include\AWinTypes.h">
      <Filter>Header Files</Filter>
    </ClInclude>
    <ClInclude Include="Include\AXAssist.h">
      <Filter>Header Files</Filter>
    </ClInclude>
    <ClInclude Include="Include\AXCamera.h">
      <Filter>Header Files</Filter>
    </ClInclude>
    <ClInclude Include="Include\AXCameraBase.h">
      <Filter>Header Files</Filter>
    </ClInclude>
    <ClInclude Include="Include\AXCollision.h">
      <Filter>Header Files</Filter>
    </ClInclude>
    <ClInclude Include="Include\AXCSWrapper.h">
      <Filter>Header Files</Filter>
    </ClInclude>
    <ClInclude Include="Include\AXFrustum.h">
      <Filter>Header Files</Filter>
    </ClInclude>
    <ClInclude Include="Include\axfuncs.h">
      <Filter>Header Files</Filter>
    </ClInclude>
    <ClInclude Include="Include\AXGeometry.h">
      <Filter>Header Files</Filter>
    </ClInclude>
    <ClInclude Include="Include\AXMatrix.h">
      <Filter>Header Files</Filter>
    </ClInclude>
    <ClInclude Include="Include\axmlarchive.h">
      <Filter>Header Files</Filter>
    </ClInclude>
    <ClInclude Include="Include\AXOrthoCamera.h">
      <Filter>Header Files</Filter>
    </ClInclude>
    <ClInclude Include="Include\AXTypes.h">
      <Filter>Header Files</Filter>
    </ClInclude>
    <ClInclude Include="Include\AXVector.h">
      <Filter>Header Files</Filter>
    </ClInclude>
    <ClInclude Include="Include\AXViewport.h">
      <Filter>Header Files</Filter>
    </ClInclude>
    <ClInclude Include="Include\hashtab.h">
      <Filter>Header Files</Filter>
    </ClInclude>
    <ClInclude Include="Include\tinyxml2.h">
      <Filter>Header Files</Filter>
    </ClInclude>
    <ClInclude Include="Include\vector.h">
      <Filter>Header Files</Filter>
    </ClInclude>
    <ClInclude Include="Include\ALog.h">
      <Filter>Header Files</Filter>
    </ClInclude>
    <ClInclude Include="Include\AList.h">
      <Filter>Header Files</Filter>
    </ClInclude>
  </ItemGroup>
</Project>